
Microsoft Visual Studio Solution File, Format Version 12.00
# Visual Studio Version 16
VisualStudioVersion = 16.0.29709.97
MinimumVisualStudioVersion = 10.0.40219.1
Project("{9A19103F-16F7-4668-BE54-9A1E7A4F7556}") = "BookMarket", "BookMarket\BookMarket.csproj", "{0F44080E-86B4-40E4-8251-40BD47CC0DF1}"
EndProject
Project("{FAE04EC0-301F-11D3-BF4B-00C04F79EFBC}") = "BookMarketTests", "BookMarketTests\BookMarketTests.csproj", "{51A1BD75-3EA0-4AB0-AA66-ABDB085A4361}"
EndProject
Global
	GlobalSection(SolutionConfigurationPlatforms) = preSolution
		Debug|Any CPU = Debug|Any CPU
		Release|Any CPU = Release|Any CPU
	EndGlobalSection
	GlobalSection(ProjectConfigurationPlatforms) = postSolution
		{0F44080E-86B4-40E4-8251-40BD47CC0DF1}.Debug|Any CPU.ActiveCfg = Debug|Any CPU
		{0F44080E-86B4-40E4-8251-40BD47CC0DF1}.Debug|Any CPU.Build.0 = Debug|Any CPU
		{0F44080E-86B4-40E4-8251-40BD47CC0DF1}.Release|Any CPU.ActiveCfg = Release|Any CPU
		{0F44080E-86B4-40E4-8251-40BD47CC0DF1}.Release|Any CPU.Build.0 = Release|Any CPU
		{51A1BD75-3EA0-4AB0-AA66-ABDB085A4361}.Debug|Any CPU.ActiveCfg = Debug|Any CPU
		{51A1BD75-3EA0-4AB0-AA66-ABDB085A4361}.Debug|Any CPU.Build.0 = Debug|Any CPU
		{51A1BD75-3EA0-4AB0-AA66-ABDB085A4361}.Release|Any CPU.ActiveCfg = Release|Any CPU
		{51A1BD75-3EA0-4AB0-AA66-ABDB085A4361}.Release|Any CPU.Build.0 = Release|Any CPU
	EndGlobalSection
	GlobalSection(SolutionProperties) = preSolution
		HideSolutionNode = FALSE
	EndGlobalSection
	GlobalSection(ExtensibilityGlobals) = postSolution
		SolutionGuid = {9BFFF519-E02D-4D72-B3D1-636942FE98F9}
	EndGlobalSection
EndGlobal
